{
  "name": "platforms-test",
  "version": "1.0.0",
  "lockfileVersion": 3,
  "requires": true,
  "packages": {
    "": {
      "name": "platforms-test",
      "version": "1.0.0",
      "license": "ISC",
      "dependencies": {
        "@anna-yeddi/platforms": "^1.0.0"
      }
    },
    "node_modules/@anna-yeddi/platforms": {
      "version": "1.0.0",
      "resolved": "https://npm.pkg.github.com/download/@anna-yeddi/platforms/1.0.0/b75a150ada26b3b42d7a1503c74eec5d6b05e159",
      "integrity": "sha512-NiYF2DUPGaQBzAXYeNpGFF0EF166yq6BWH7kUwXF8BWo7iQOniUBtFIwiVSxYWgZW1YXdifS+qY4XFVEhAovCw=="
    }
  }
}
